%{
  "hammox": {:hex, :hammox, "0.5.0", "e621c7832a2226cd5ef4b20d16adc825d12735fd40c43e01527995a180823ca5", [:mix], [{:mox, "~> 1.0", [hex: :mox, repo: "hexpm", optional: false]}, {:ordinal, "~> 0.1", [hex: :ordinal, repo: "hexpm", optional: false]}], "hexpm", "15bf108989b894e87ef6778a2950025399bc8d69f344f319247b22531e32de2f"},
  "kino": {:hex, :kino, "0.7.0", "98d2623bebf8d1c4d761c5ed9741c6aae2f1909706baec501f2fdad347cb9d92", [:mix], [{:table, "~> 0.1.2", [hex: :table, repo: "hexpm", optional: false]}], "hexpm", "3dd1ee761c241caa30364333e3102a954d68188414a46e867f95c858d745f3fd"},
  "kino_vega_lite": {:hex, :kino_vega_lite, "0.1.6", "f4c7053b6d291eef856019d04504b4d704c38d35cdbafd22007e0d2e683f380b", [:mix], [{:kino, "~> 0.6.1 or ~> 0.7.0", [hex: :kino, repo: "hexpm", optional: false]}, {:table, "~> 0.1.0", [hex: :table, repo: "hexpm", optional: false]}, {:vega_lite, "~> 0.1.4", [hex: :vega_lite, repo: "hexpm", optional: false]}], "hexpm", "11ca336e2576d5e90ace679f71323dea459026f843aea9aa4676072b25da752f"},
  "mox": {:hex, :mox, "0.5.2", "55a0a5ba9ccc671518d068c8dddd20eeb436909ea79d1799e2209df7eaa98b6c", [:mix], [], "hexpm", "df4310628cd628ee181df93f50ddfd07be3e5ecc30232d3b6aadf30bdfe6092b"},
  "ordinal": {:hex, :ordinal, "0.2.0", "d3eda0cb04ee1f0ca0aae37bf2cf56c28adce345fe56a75659031b6068275191", [:mix], [], "hexpm", "defca8f10dee9f03a090ed929a595303252700a9a73096b6f2f8d88341690d65"},
  "statistics": {:hex, :statistics, "0.6.2", "213dcedc2b3ae7fb775b5510ea9630c66d3c0019ea2f86d5096559853623a60d", [:mix], [], "hexpm", "329f1008dc4ad24430d94c04b52ff09d5fb435ab11f34360831f11eb0c391c17"},
  "table": {:hex, :table, "0.1.2", "87ad1125f5b70c5dea0307aa633194083eb5182ec537efc94e96af08937e14a8", [:mix], [], "hexpm", "7e99bc7efef806315c7e65640724bf165c3061cdc5d854060f74468367065029"},
  "vega_lite": {:hex, :vega_lite, "0.1.6", "145ab4908bc890b02cef3526e890e9b899528eaa7aa9d6fa642b52a8a2c682c6", [:mix], [{:table, "~> 0.1.0", [hex: :table, repo: "hexpm", optional: false]}], "hexpm", "078c0d8cd9a8eca4ae8f9527c45c01d69cefb6b2235fd5179a227ac2f031d7ac"},
}
